
Microsoft Visual Studio Solution File, Format Version 12.00
# Visual Studio Version 17
VisualStudioVersion = 17.5.002.0
MinimumVisualStudioVersion = 10.0.40219.1
Project("{2150E333-8FDC-42A3-9474-1A3956D46DE8}") = "MS", "MS", "{F9854947-F304-4753-94C7-DDDE44E3EC31}"
EndProject
Project("{9A19103F-16F7-4668-BE54-9A1E7A4F7556}") = "0-Hello-World", "MS\0-hello-world\0-Hello-World.csproj", "{44CBE373-8EAC-4C5E-9E53-186B51DBFAD0}"
EndProject
Project("{9A19103F-16F7-4668-BE54-9A1E7A4F7556}") = "1-NumbersInCSharp", "MS\1-Numbers\1-NumbersInCSharp.csproj", "{4D62CCA0-17F7-4C96-9CB0-186C8247A5ED}"
EndProject
Project("{9A19103F-16F7-4668-BE54-9A1E7A4F7556}") = "Branches-and-Loops", "MS\2-Branches-and-Loops\Branches-and-Loops.csproj", "{16FC1D45-7F04-4AA0-9716-C4C5B00F52CC}"
EndProject
Project("{9A19103F-16F7-4668-BE54-9A1E7A4F7556}") = "3-arrays-and-collections", "MS\3-arrays-and-collections\3-arrays-and-collections.csproj", "{8EB323A1-1F9D-4200-B97E-E859EFA38626}"
EndProject
Global
	GlobalSection(SolutionConfigurationPlatforms) = preSolution
		Debug|Any CPU = Debug|Any CPU
		Release|Any CPU = Release|Any CPU
	EndGlobalSection
	GlobalSection(ProjectConfigurationPlatforms) = postSolution
		{44CBE373-8EAC-4C5E-9E53-186B51DBFAD0}.Debug|Any CPU.ActiveCfg = Debug|Any CPU
		{44CBE373-8EAC-4C5E-9E53-186B51DBFAD0}.Debug|Any CPU.Build.0 = Debug|Any CPU
		{44CBE373-8EAC-4C5E-9E53-186B51DBFAD0}.Release|Any CPU.ActiveCfg = Release|Any CPU
		{44CBE373-8EAC-4C5E-9E53-186B51DBFAD0}.Release|Any CPU.Build.0 = Release|Any CPU
		{4D62CCA0-17F7-4C96-9CB0-186C8247A5ED}.Debug|Any CPU.ActiveCfg = Debug|Any CPU
		{4D62CCA0-17F7-4C96-9CB0-186C8247A5ED}.Debug|Any CPU.Build.0 = Debug|Any CPU
		{4D62CCA0-17F7-4C96-9CB0-186C8247A5ED}.Release|Any CPU.ActiveCfg = Release|Any CPU
		{4D62CCA0-17F7-4C96-9CB0-186C8247A5ED}.Release|Any CPU.Build.0 = Release|Any CPU
		{16FC1D45-7F04-4AA0-9716-C4C5B00F52CC}.Debug|Any CPU.ActiveCfg = Debug|Any CPU
		{16FC1D45-7F04-4AA0-9716-C4C5B00F52CC}.Debug|Any CPU.Build.0 = Debug|Any CPU
		{16FC1D45-7F04-4AA0-9716-C4C5B00F52CC}.Release|Any CPU.ActiveCfg = Release|Any CPU
		{16FC1D45-7F04-4AA0-9716-C4C5B00F52CC}.Release|Any CPU.Build.0 = Release|Any CPU
		{8EB323A1-1F9D-4200-B97E-E859EFA38626}.Debug|Any CPU.ActiveCfg = Debug|Any CPU
		{8EB323A1-1F9D-4200-B97E-E859EFA38626}.Debug|Any CPU.Build.0 = Debug|Any CPU
		{8EB323A1-1F9D-4200-B97E-E859EFA38626}.Release|Any CPU.ActiveCfg = Release|Any CPU
		{8EB323A1-1F9D-4200-B97E-E859EFA38626}.Release|Any CPU.Build.0 = Release|Any CPU
	EndGlobalSection
	GlobalSection(SolutionProperties) = preSolution
		HideSolutionNode = FALSE
	EndGlobalSection
	GlobalSection(NestedProjects) = preSolution
		{44CBE373-8EAC-4C5E-9E53-186B51DBFAD0} = {F9854947-F304-4753-94C7-DDDE44E3EC31}
		{4D62CCA0-17F7-4C96-9CB0-186C8247A5ED} = {F9854947-F304-4753-94C7-DDDE44E3EC31}
		{16FC1D45-7F04-4AA0-9716-C4C5B00F52CC} = {F9854947-F304-4753-94C7-DDDE44E3EC31}
		{8EB323A1-1F9D-4200-B97E-E859EFA38626} = {F9854947-F304-4753-94C7-DDDE44E3EC31}
	EndGlobalSection
	GlobalSection(ExtensibilityGlobals) = postSolution
		SolutionGuid = {26BB4D86-9A67-4EC0-A830-2AE43E2687C4}
	EndGlobalSection
EndGlobal
