
Microsoft Visual Studio Solution File, Format Version 12.00
# Visual Studio Version 17
VisualStudioVersion = 17.5.002.0
MinimumVisualStudioVersion = 10.0.40219.1
Project("{2150E333-8FDC-42A3-9474-1A3956D46DE8}") = "MS", "MS", "{AE54DE7C-0C8F-47A9-B933-AA285C06CF7C}"
EndProject
Project("{9A19103F-16F7-4668-BE54-9A1E7A4F7556}") = "0-Hello-World", "MS\0-hello-world\0-Hello-World.csproj", "{07673CD2-5E79-46A0-9D7F-A56DBC2CFD44}"
EndProject
Project("{9A19103F-16F7-4668-BE54-9A1E7A4F7556}") = "1-NumbersInCSharp", "MS\1-Numbers\1-NumbersInCSharp.csproj", "{A2D58F1E-DC4E-4244-907C-AA053FF7FD05}"
EndProject
Project("{9A19103F-16F7-4668-BE54-9A1E7A4F7556}") = "Branches-and-Loops", "MS\2-Branches-and-Loops\Branches-and-Loops.csproj", "{57250AEE-CB9C-4C12-A4EC-0DE2957809A9}"
EndProject
Project("{9A19103F-16F7-4668-BE54-9A1E7A4F7556}") = "3-arrays-and-collections", "MS\3-arrays-and-collections\3-arrays-and-collections.csproj", "{FEE2D718-ED29-4295-9F36-8D0399D3478E}"
EndProject
Project("{2150E333-8FDC-42A3-9474-1A3956D46DE8}") = "NetMentoring", "NetMentoring", "{EED3BBF3-913D-42E7-BEAD-621EFAD1BDF1}"
EndProject
Project("{2150E333-8FDC-42A3-9474-1A3956D46DE8}") = "3-VisualStudio", "3-VisualStudio", "{1A21176A-DE1F-4B5D-8F9F-1B2B0E055B1F}"
EndProject
Project("{2150E333-8FDC-42A3-9474-1A3956D46DE8}") = "task1", "task1", "{A8374735-5A40-47CC-9725-A6D2C567C87C}"
EndProject
Project("{9A19103F-16F7-4668-BE54-9A1E7A4F7556}") = "3-1-console", "NetMentoring\3-VisualStudio\task1\console\3-1-console.csproj", "{5A65E571-C3A5-412A-BE87-783E3E29A51F}"
EndProject
Project("{9A19103F-16F7-4668-BE54-9A1E7A4F7556}") = "3-2-winforms", "NetMentoring\3-VisualStudio\task1\WinForms\3-2-winforms.csproj", "{5D899F5C-77DB-4E10-8489-9D012ADFBE38}"
EndProject
Project("{9A19103F-16F7-4668-BE54-9A1E7A4F7556}") = "3-2-wpf", "NetMentoring\3-VisualStudio\task1\WPF\3-2-wpf.csproj", "{FEC17BF6-08A1-4CFC-8637-8203D5E2F5AE}"
EndProject
Project("{2150E333-8FDC-42A3-9474-1A3956D46DE8}") = "task2", "task2", "{9B45D33A-A950-4E17-B5F3-DB37D822323E}"
EndProject
Project("{9A19103F-16F7-4668-BE54-9A1E7A4F7556}") = "3-2-1-console", "NetMentoring\3-VisualStudio\task2\console\3-2-1-console.csproj", "{36222700-2F83-47F2-BFBE-002BDD58D45D}"
EndProject
Project("{9A19103F-16F7-4668-BE54-9A1E7A4F7556}") = "HelloLib", "NetMentoring\3-VisualStudio\task2\lib\HelloLib.csproj", "{588D5839-8366-49B4-85B2-E998E3239290}"
EndProject
Project("{9A19103F-16F7-4668-BE54-9A1E7A4F7556}") = "3-2-2-winforms", "NetMentoring\3-VisualStudio\task2\WinForms\3-2-2-winforms.csproj", "{AEEF11D9-D334-406F-94C5-DAFF73DD77C7}"
EndProject
Project("{9A19103F-16F7-4668-BE54-9A1E7A4F7556}") = "3-2-3-wpf", "NetMentoring\3-VisualStudio\task2\WPF\3-2-3-wpf.csproj", "{3B8E9945-F34E-4F2C-B4D5-9FC8E58887E5}"
EndProject
Project("{2150E333-8FDC-42A3-9474-1A3956D46DE8}") = "task3", "task3", "{C4F7860E-2A7C-4F77-A0D3-8A704814265D}"
EndProject
Project("{9A19103F-16F7-4668-BE54-9A1E7A4F7556}") = "MAUI-2", "NetMentoring\3-VisualStudio\task3\MAUI-2\MAUI-2.csproj", "{42CA89ED-BFFD-480B-AA1C-E41A0222028D}"
EndProject
Global
	GlobalSection(SolutionConfigurationPlatforms) = preSolution
		Debug|Any CPU = Debug|Any CPU
		Release|Any CPU = Release|Any CPU
	EndGlobalSection
	GlobalSection(ProjectConfigurationPlatforms) = postSolution
		{07673CD2-5E79-46A0-9D7F-A56DBC2CFD44}.Debug|Any CPU.ActiveCfg = Debug|Any CPU
		{07673CD2-5E79-46A0-9D7F-A56DBC2CFD44}.Debug|Any CPU.Build.0 = Debug|Any CPU
		{07673CD2-5E79-46A0-9D7F-A56DBC2CFD44}.Release|Any CPU.ActiveCfg = Release|Any CPU
		{07673CD2-5E79-46A0-9D7F-A56DBC2CFD44}.Release|Any CPU.Build.0 = Release|Any CPU
		{A2D58F1E-DC4E-4244-907C-AA053FF7FD05}.Debug|Any CPU.ActiveCfg = Debug|Any CPU
		{A2D58F1E-DC4E-4244-907C-AA053FF7FD05}.Debug|Any CPU.Build.0 = Debug|Any CPU
		{A2D58F1E-DC4E-4244-907C-AA053FF7FD05}.Release|Any CPU.ActiveCfg = Release|Any CPU
		{A2D58F1E-DC4E-4244-907C-AA053FF7FD05}.Release|Any CPU.Build.0 = Release|Any CPU
		{57250AEE-CB9C-4C12-A4EC-0DE2957809A9}.Debug|Any CPU.ActiveCfg = Debug|Any CPU
		{57250AEE-CB9C-4C12-A4EC-0DE2957809A9}.Debug|Any CPU.Build.0 = Debug|Any CPU
		{57250AEE-CB9C-4C12-A4EC-0DE2957809A9}.Release|Any CPU.ActiveCfg = Release|Any CPU
		{57250AEE-CB9C-4C12-A4EC-0DE2957809A9}.Release|Any CPU.Build.0 = Release|Any CPU
		{FEE2D718-ED29-4295-9F36-8D0399D3478E}.Debug|Any CPU.ActiveCfg = Debug|Any CPU
		{FEE2D718-ED29-4295-9F36-8D0399D3478E}.Debug|Any CPU.Build.0 = Debug|Any CPU
		{FEE2D718-ED29-4295-9F36-8D0399D3478E}.Release|Any CPU.ActiveCfg = Release|Any CPU
		{FEE2D718-ED29-4295-9F36-8D0399D3478E}.Release|Any CPU.Build.0 = Release|Any CPU
		{5A65E571-C3A5-412A-BE87-783E3E29A51F}.Debug|Any CPU.ActiveCfg = Debug|Any CPU
		{5A65E571-C3A5-412A-BE87-783E3E29A51F}.Debug|Any CPU.Build.0 = Debug|Any CPU
		{5A65E571-C3A5-412A-BE87-783E3E29A51F}.Release|Any CPU.ActiveCfg = Release|Any CPU
		{5A65E571-C3A5-412A-BE87-783E3E29A51F}.Release|Any CPU.Build.0 = Release|Any CPU
		{5D899F5C-77DB-4E10-8489-9D012ADFBE38}.Debug|Any CPU.ActiveCfg = Debug|Any CPU
		{5D899F5C-77DB-4E10-8489-9D012ADFBE38}.Debug|Any CPU.Build.0 = Debug|Any CPU
		{5D899F5C-77DB-4E10-8489-9D012ADFBE38}.Release|Any CPU.ActiveCfg = Release|Any CPU
		{5D899F5C-77DB-4E10-8489-9D012ADFBE38}.Release|Any CPU.Build.0 = Release|Any CPU
		{FEC17BF6-08A1-4CFC-8637-8203D5E2F5AE}.Debug|Any CPU.ActiveCfg = Debug|Any CPU
		{FEC17BF6-08A1-4CFC-8637-8203D5E2F5AE}.Debug|Any CPU.Build.0 = Debug|Any CPU
		{FEC17BF6-08A1-4CFC-8637-8203D5E2F5AE}.Release|Any CPU.ActiveCfg = Release|Any CPU
		{FEC17BF6-08A1-4CFC-8637-8203D5E2F5AE}.Release|Any CPU.Build.0 = Release|Any CPU
		{36222700-2F83-47F2-BFBE-002BDD58D45D}.Debug|Any CPU.ActiveCfg = Debug|Any CPU
		{36222700-2F83-47F2-BFBE-002BDD58D45D}.Debug|Any CPU.Build.0 = Debug|Any CPU
		{36222700-2F83-47F2-BFBE-002BDD58D45D}.Release|Any CPU.ActiveCfg = Release|Any CPU
		{36222700-2F83-47F2-BFBE-002BDD58D45D}.Release|Any CPU.Build.0 = Release|Any CPU
		{588D5839-8366-49B4-85B2-E998E3239290}.Debug|Any CPU.ActiveCfg = Debug|Any CPU
		{588D5839-8366-49B4-85B2-E998E3239290}.Debug|Any CPU.Build.0 = Debug|Any CPU
		{588D5839-8366-49B4-85B2-E998E3239290}.Release|Any CPU.ActiveCfg = Release|Any CPU
		{588D5839-8366-49B4-85B2-E998E3239290}.Release|Any CPU.Build.0 = Release|Any CPU
		{AEEF11D9-D334-406F-94C5-DAFF73DD77C7}.Debug|Any CPU.ActiveCfg = Debug|Any CPU
		{AEEF11D9-D334-406F-94C5-DAFF73DD77C7}.Debug|Any CPU.Build.0 = Debug|Any CPU
		{AEEF11D9-D334-406F-94C5-DAFF73DD77C7}.Release|Any CPU.ActiveCfg = Release|Any CPU
		{AEEF11D9-D334-406F-94C5-DAFF73DD77C7}.Release|Any CPU.Build.0 = Release|Any CPU
		{3B8E9945-F34E-4F2C-B4D5-9FC8E58887E5}.Debug|Any CPU.ActiveCfg = Debug|Any CPU
		{3B8E9945-F34E-4F2C-B4D5-9FC8E58887E5}.Debug|Any CPU.Build.0 = Debug|Any CPU
		{3B8E9945-F34E-4F2C-B4D5-9FC8E58887E5}.Release|Any CPU.ActiveCfg = Release|Any CPU
		{3B8E9945-F34E-4F2C-B4D5-9FC8E58887E5}.Release|Any CPU.Build.0 = Release|Any CPU
		{42CA89ED-BFFD-480B-AA1C-E41A0222028D}.Debug|Any CPU.ActiveCfg = Debug|Any CPU
		{42CA89ED-BFFD-480B-AA1C-E41A0222028D}.Debug|Any CPU.Build.0 = Debug|Any CPU
		{42CA89ED-BFFD-480B-AA1C-E41A0222028D}.Release|Any CPU.ActiveCfg = Release|Any CPU
		{42CA89ED-BFFD-480B-AA1C-E41A0222028D}.Release|Any CPU.Build.0 = Release|Any CPU
	EndGlobalSection
	GlobalSection(SolutionProperties) = preSolution
		HideSolutionNode = FALSE
	EndGlobalSection
	GlobalSection(NestedProjects) = preSolution
		{07673CD2-5E79-46A0-9D7F-A56DBC2CFD44} = {AE54DE7C-0C8F-47A9-B933-AA285C06CF7C}
		{A2D58F1E-DC4E-4244-907C-AA053FF7FD05} = {AE54DE7C-0C8F-47A9-B933-AA285C06CF7C}
		{57250AEE-CB9C-4C12-A4EC-0DE2957809A9} = {AE54DE7C-0C8F-47A9-B933-AA285C06CF7C}
		{FEE2D718-ED29-4295-9F36-8D0399D3478E} = {AE54DE7C-0C8F-47A9-B933-AA285C06CF7C}
		{1A21176A-DE1F-4B5D-8F9F-1B2B0E055B1F} = {EED3BBF3-913D-42E7-BEAD-621EFAD1BDF1}
		{A8374735-5A40-47CC-9725-A6D2C567C87C} = {1A21176A-DE1F-4B5D-8F9F-1B2B0E055B1F}
		{5A65E571-C3A5-412A-BE87-783E3E29A51F} = {A8374735-5A40-47CC-9725-A6D2C567C87C}
		{5D899F5C-77DB-4E10-8489-9D012ADFBE38} = {A8374735-5A40-47CC-9725-A6D2C567C87C}
		{FEC17BF6-08A1-4CFC-8637-8203D5E2F5AE} = {A8374735-5A40-47CC-9725-A6D2C567C87C}
		{9B45D33A-A950-4E17-B5F3-DB37D822323E} = {1A21176A-DE1F-4B5D-8F9F-1B2B0E055B1F}
		{36222700-2F83-47F2-BFBE-002BDD58D45D} = {9B45D33A-A950-4E17-B5F3-DB37D822323E}
		{588D5839-8366-49B4-85B2-E998E3239290} = {9B45D33A-A950-4E17-B5F3-DB37D822323E}
		{AEEF11D9-D334-406F-94C5-DAFF73DD77C7} = {9B45D33A-A950-4E17-B5F3-DB37D822323E}
		{3B8E9945-F34E-4F2C-B4D5-9FC8E58887E5} = {9B45D33A-A950-4E17-B5F3-DB37D822323E}
		{C4F7860E-2A7C-4F77-A0D3-8A704814265D} = {1A21176A-DE1F-4B5D-8F9F-1B2B0E055B1F}
		{42CA89ED-BFFD-480B-AA1C-E41A0222028D} = {C4F7860E-2A7C-4F77-A0D3-8A704814265D}
	EndGlobalSection
	GlobalSection(ExtensibilityGlobals) = postSolution
		SolutionGuid = {4203C6CB-FD68-4DC3-967B-9E9DAAED74B2}
	EndGlobalSection
EndGlobal
